
Microsoft Visual Studio Solution File, Format Version 12.00
# Visual Studio 15
VisualStudioVersion = 15.0.26430.6
MinimumVisualStudioVersion = 10.0.40219.1
Project("{8BC9CEB8-8B4A-11D0-8D11-00A0C91BC942}") = "CLuce", "CLuce\CLuce.vcxproj", "{35F929FE-A450-4A7C-A1D2-B59399A5F2AB}"
	ProjectSection(ProjectDependencies) = postProject
		{B6FACC15-E1BB-44D7-815D-A79F9309CD95} = {B6FACC15-E1BB-44D7-815D-A79F9309CD95}
		{1B092EAB-A155-4DC5-81A3-A22053C7ED4F} = {1B092EAB-A155-4DC5-81A3-A22053C7ED4F}
		{E7127DD9-4B7C-41C6-8A3E-753ADB22F4E6} = {E7127DD9-4B7C-41C6-8A3E-753ADB22F4E6}
	EndProjectSection
EndProject
Project("{2150E333-8FDC-42A3-9474-1A3956D46DE8}") = "Test-Projects", "Test-Projects", "{D5627B65-6F78-48DE-B6A0-49228E69E87B}"
EndProject
Project("{8BC9CEB8-8B4A-11D0-8D11-00A0C91BC942}") = "CTest1", "..\..\Test-Projects\CTest1\CTest1.vcxproj", "{6AC3CA2A-04D0-4082-9D49-3BFEBE7584A3}"
	ProjectSection(ProjectDependencies) = postProject
		{35F929FE-A450-4A7C-A1D2-B59399A5F2AB} = {35F929FE-A450-4A7C-A1D2-B59399A5F2AB}
	EndProjectSection
EndProject
Project("{8BC9CEB8-8B4A-11D0-8D11-00A0C91BC942}") = "CLuce-Memory", "CLuce-Memory\CLuce-Memory.vcxproj", "{E7127DD9-4B7C-41C6-8A3E-753ADB22F4E6}"
EndProject
Project("{8BC9CEB8-8B4A-11D0-8D11-00A0C91BC942}") = "CLuce-Component", "CLuce-Component\CLuce-Component.vcxproj", "{B6FACC15-E1BB-44D7-815D-A79F9309CD95}"
EndProject
Project("{8BC9CEB8-8B4A-11D0-8D11-00A0C91BC942}") = "CLuce-Utility", "CLuce-Utility\CLuce-Utility.vcxproj", "{1B092EAB-A155-4DC5-81A3-A22053C7ED4F}"
EndProject
Global
	GlobalSection(SolutionConfigurationPlatforms) = preSolution
		Debug|x64 = Debug|x64
		Debug|x86 = Debug|x86
		Release|x64 = Release|x64
		Release|x86 = Release|x86
	EndGlobalSection
	GlobalSection(ProjectConfigurationPlatforms) = postSolution
		{35F929FE-A450-4A7C-A1D2-B59399A5F2AB}.Debug|x64.ActiveCfg = Debug|x64
		{35F929FE-A450-4A7C-A1D2-B59399A5F2AB}.Debug|x64.Build.0 = Debug|x64
		{35F929FE-A450-4A7C-A1D2-B59399A5F2AB}.Debug|x86.ActiveCfg = Debug|Win32
		{35F929FE-A450-4A7C-A1D2-B59399A5F2AB}.Debug|x86.Build.0 = Debug|Win32
		{35F929FE-A450-4A7C-A1D2-B59399A5F2AB}.Release|x64.ActiveCfg = Release|x64
		{35F929FE-A450-4A7C-A1D2-B59399A5F2AB}.Release|x64.Build.0 = Release|x64
		{35F929FE-A450-4A7C-A1D2-B59399A5F2AB}.Release|x86.ActiveCfg = Release|Win32
		{35F929FE-A450-4A7C-A1D2-B59399A5F2AB}.Release|x86.Build.0 = Release|Win32
		{6AC3CA2A-04D0-4082-9D49-3BFEBE7584A3}.Debug|x64.ActiveCfg = Debug|x64
		{6AC3CA2A-04D0-4082-9D49-3BFEBE7584A3}.Debug|x64.Build.0 = Debug|x64
		{6AC3CA2A-04D0-4082-9D49-3BFEBE7584A3}.Debug|x86.ActiveCfg = Debug|Win32
		{6AC3CA2A-04D0-4082-9D49-3BFEBE7584A3}.Debug|x86.Build.0 = Debug|Win32
		{6AC3CA2A-04D0-4082-9D49-3BFEBE7584A3}.Release|x64.ActiveCfg = Release|x64
		{6AC3CA2A-04D0-4082-9D49-3BFEBE7584A3}.Release|x64.Build.0 = Release|x64
		{6AC3CA2A-04D0-4082-9D49-3BFEBE7584A3}.Release|x86.ActiveCfg = Release|Win32
		{6AC3CA2A-04D0-4082-9D49-3BFEBE7584A3}.Release|x86.Build.0 = Release|Win32
		{E7127DD9-4B7C-41C6-8A3E-753ADB22F4E6}.Debug|x64.ActiveCfg = Debug|x64
		{E7127DD9-4B7C-41C6-8A3E-753ADB22F4E6}.Debug|x64.Build.0 = Debug|x64
		{E7127DD9-4B7C-41C6-8A3E-753ADB22F4E6}.Debug|x86.ActiveCfg = Debug|Win32
		{E7127DD9-4B7C-41C6-8A3E-753ADB22F4E6}.Debug|x86.Build.0 = Debug|Win32
		{E7127DD9-4B7C-41C6-8A3E-753ADB22F4E6}.Release|x64.ActiveCfg = Release|x64
		{E7127DD9-4B7C-41C6-8A3E-753ADB22F4E6}.Release|x64.Build.0 = Release|x64
		{E7127DD9-4B7C-41C6-8A3E-753ADB22F4E6}.Release|x86.ActiveCfg = Release|Win32
		{E7127DD9-4B7C-41C6-8A3E-753ADB22F4E6}.Release|x86.Build.0 = Release|Win32
		{B6FACC15-E1BB-44D7-815D-A79F9309CD95}.Debug|x64.ActiveCfg = Debug|x64
		{B6FACC15-E1BB-44D7-815D-A79F9309CD95}.Debug|x64.Build.0 = Debug|x64
		{B6FACC15-E1BB-44D7-815D-A79F9309CD95}.Debug|x86.ActiveCfg = Debug|Win32
		{B6FACC15-E1BB-44D7-815D-A79F9309CD95}.Debug|x86.Build.0 = Debug|Win32
		{B6FACC15-E1BB-44D7-815D-A79F9309CD95}.Release|x64.ActiveCfg = Release|x64
		{B6FACC15-E1BB-44D7-815D-A79F9309CD95}.Release|x64.Build.0 = Release|x64
		{B6FACC15-E1BB-44D7-815D-A79F9309CD95}.Release|x86.ActiveCfg = Release|Win32
		{B6FACC15-E1BB-44D7-815D-A79F9309CD95}.Release|x86.Build.0 = Release|Win32
		{1B092EAB-A155-4DC5-81A3-A22053C7ED4F}.Debug|x64.ActiveCfg = Debug|x64
		{1B092EAB-A155-4DC5-81A3-A22053C7ED4F}.Debug|x64.Build.0 = Debug|x64
		{1B092EAB-A155-4DC5-81A3-A22053C7ED4F}.Debug|x86.ActiveCfg = Debug|Win32
		{1B092EAB-A155-4DC5-81A3-A22053C7ED4F}.Debug|x86.Build.0 = Debug|Win32
		{1B092EAB-A155-4DC5-81A3-A22053C7ED4F}.Release|x64.ActiveCfg = Release|x64
		{1B092EAB-A155-4DC5-81A3-A22053C7ED4F}.Release|x64.Build.0 = Release|x64
		{1B092EAB-A155-4DC5-81A3-A22053C7ED4F}.Release|x86.ActiveCfg = Release|Win32
		{1B092EAB-A155-4DC5-81A3-A22053C7ED4F}.Release|x86.Build.0 = Release|Win32
	EndGlobalSection
	GlobalSection(SolutionProperties) = preSolution
		HideSolutionNode = FALSE
	EndGlobalSection
	GlobalSection(NestedProjects) = preSolution
		{6AC3CA2A-04D0-4082-9D49-3BFEBE7584A3} = {D5627B65-6F78-48DE-B6A0-49228E69E87B}
	EndGlobalSection
EndGlobal
