<?xml version="1.0" encoding="utf-8"?>
<Project ToolsVersion="4.0" xmlns="http://schemas.microsoft.com/developer/msbuild/2003">
  <ItemGroup>
    <Filter Include="Header-Files">
      <UniqueIdentifier>{4fa00676-ca08-41de-8b9f-42adee47e0aa}</UniqueIdentifier>
    </Filter>
    <Filter Include="Source-Files">
      <UniqueIdentifier>{e59477de-5647-40f7-9145-4ccd8a9d22ef}</UniqueIdentifier>
    </Filter>
    <Filter Include="Header-Files\Numeric">
      <UniqueIdentifier>{2ace7365-56e7-4d5f-a63b-1bb35b76802e}</UniqueIdentifier>
    </Filter>
    <Filter Include="Header-Files\Math">
      <UniqueIdentifier>{36478fa3-c78b-4379-af96-68c5168a48bb}</UniqueIdentifier>
    </Filter>
    <Filter Include="Source-Files\Math">
      <UniqueIdentifier>{136db585-08a7-4ed4-872e-1da7e6fcf604}</UniqueIdentifier>
    </Filter>
    <Filter Include="Header-Files\Numeric\Detail">
      <UniqueIdentifier>{4dde7fa9-a287-4d2b-b2ca-0c753dac2771}</UniqueIdentifier>
    </Filter>
    <Filter Include="Header-Files\Random">
      <UniqueIdentifier>{c4914999-e15a-4d5e-ac1f-d34ff8764e99}</UniqueIdentifier>
    </Filter>
    <Filter Include="Header-Files\Math\Detail">
      <UniqueIdentifier>{7872d663-955d-4928-8344-7b22070aee22}</UniqueIdentifier>
    </Filter>
    <Filter Include="Source-Files\Random">
      <UniqueIdentifier>{d52b0743-4371-4c48-936c-5df368fc48ab}</UniqueIdentifier>
    </Filter>
    <Filter Include="Header-Files\Random\Detail">
      <UniqueIdentifier>{591a4945-d3c2-49e3-a2ca-6f928e6f3cd1}</UniqueIdentifier>
    </Filter>
  </ItemGroup>
  <ItemGroup>
    <ClInclude Include="..\..\..\Include\Luce\Math.hh" />
    <ClInclude Include="..\..\..\Include\Luce\Math\Constant.hh">
      <Filter>Header-Files\Math</Filter>
    </ClInclude>
    <ClInclude Include="..\..\..\Include\Luce\Numeric.hh" />
    <ClInclude Include="..\..\..\Include\Luce\Numeric\Ratio.hh">
      <Filter>Header-Files\Numeric</Filter>
    </ClInclude>
    <ClInclude Include="..\..\..\Include\Luce\Ratio.hh">
      <Filter>Header-Files</Filter>
    </ClInclude>
    <ClInclude Include="..\..\..\Include\Luce\LimitedInt.hh">
      <Filter>Header-Files</Filter>
    </ClInclude>
    <ClInclude Include="..\..\..\Include\Luce\Numeric\LimitedInt.hh">
      <Filter>Header-Files\Numeric</Filter>
    </ClInclude>
    <ClInclude Include="..\..\..\Include\Luce\Numeric\Detail\LimitedInt.hh">
      <Filter>Header-Files\Numeric\Detail</Filter>
    </ClInclude>
    <ClInclude Include="..\..\..\Include\Luce\Random.hh" />
    <ClInclude Include="..\..\..\Include\Luce\Math\IsPrime.hh">
      <Filter>Header-Files\Math</Filter>
    </ClInclude>
    <ClInclude Include="..\..\..\Include\Luce\Math\Detail\IsPrime.hh">
      <Filter>Header-Files\Math\Detail</Filter>
    </ClInclude>
    <ClInclude Include="..\..\..\Include\Luce\Random\RandPrime.hh">
      <Filter>Header-Files\Random</Filter>
    </ClInclude>
    <ClInclude Include="..\..\..\Include\Luce\Random\Detail\RandPrime.hh">
      <Filter>Header-Files\Random\Detail</Filter>
    </ClInclude>
  </ItemGroup>
  <ItemGroup>
    <ClCompile Include="..\..\..\Source\Math\Constant.cc">
      <Filter>Source-Files\Math</Filter>
    </ClCompile>
    <ClCompile Include="..\..\..\Source\Assertion-Common.cc">
      <Filter>Source-Files</Filter>
    </ClCompile>
    <ClCompile Include="..\..\..\Source\Assertion-Windows.cc">
      <Filter>Source-Files</Filter>
    </ClCompile>
    <ClCompile Include="..\..\..\Source\Random\RandPrime.cc">
      <Filter>Source-Files\Random</Filter>
    </ClCompile>
  </ItemGroup>
</Project>