<?xml version="1.0" encoding="utf-8"?>
<Project ToolsVersion="4.0" xmlns="http://schemas.microsoft.com/developer/msbuild/2003">
  <ItemGroup>
    <Filter Include="Header-Files">
      <UniqueIdentifier>{4fa00676-ca08-41de-8b9f-42adee47e0aa}</UniqueIdentifier>
    </Filter>
    <Filter Include="Source-Files">
      <UniqueIdentifier>{e59477de-5647-40f7-9145-4ccd8a9d22ef}</UniqueIdentifier>
    </Filter>
    <Filter Include="Header-Files\Numeric">
      <UniqueIdentifier>{2ace7365-56e7-4d5f-a63b-1bb35b76802e}</UniqueIdentifier>
    </Filter>
    <Filter Include="Header-Files\Math">
      <UniqueIdentifier>{36478fa3-c78b-4379-af96-68c5168a48bb}</UniqueIdentifier>
    </Filter>
  </ItemGroup>
  <ItemGroup>
    <ClInclude Include="..\..\..\Include\Luce\Math.hh" />
    <ClInclude Include="..\..\..\Include\Luce\Math\Constant.hh">
      <Filter>Header-Files\Math</Filter>
    </ClInclude>
    <ClInclude Include="..\..\..\Include\Luce\Numeric.hh" />
    <ClInclude Include="..\..\..\Include\Luce\Numeric\Ratio.hh">
      <Filter>Header-Files\Numeric</Filter>
    </ClInclude>
    <ClInclude Include="..\..\..\Include\Luce\Ratio.hh">
      <Filter>Header-Files</Filter>
    </ClInclude>
  </ItemGroup>
  <ItemGroup>
    <ClCompile Include="..\..\..\Source\Math\Constant.cc">
      <Filter>Source-Files</Filter>
    </ClCompile>
  </ItemGroup>
</Project>