<?xml version="1.0" encoding="utf-8"?>
<Project ToolsVersion="4.0" xmlns="http://schemas.microsoft.com/developer/msbuild/2003">
  <ItemGroup>
    <Filter Include="Header-Files">
      <UniqueIdentifier>{f8c7e32f-284f-4620-be05-e991ec28398e}</UniqueIdentifier>
    </Filter>
    <Filter Include="Header-Files\Configuration">
      <UniqueIdentifier>{ffbe31b1-bf19-475f-8303-4f67a38d81d0}</UniqueIdentifier>
    </Filter>
    <Filter Include="Header-Files\Configuration\Compiler">
      <UniqueIdentifier>{0942c4e1-d167-434a-9fdc-4834d946520a}</UniqueIdentifier>
    </Filter>
    <Filter Include="Header-Files\Configuration\Platform">
      <UniqueIdentifier>{2e8df590-4524-458f-abc4-406a683d830b}</UniqueIdentifier>
    </Filter>
    <Filter Include="Header-Files\Configuration\Feature">
      <UniqueIdentifier>{a477859d-71b5-4436-be06-b076ca90cbec}</UniqueIdentifier>
    </Filter>
    <Filter Include="Source-Files">
      <UniqueIdentifier>{15aba14a-d992-4222-afb1-c3e2e591cd70}</UniqueIdentifier>
    </Filter>
    <Filter Include="Source-Files\Configuration">
      <UniqueIdentifier>{8250db3f-c49a-4e05-92cf-93cb9028c430}</UniqueIdentifier>
    </Filter>
    <Filter Include="Header-Files\Configuration\Language">
      <UniqueIdentifier>{4e2808db-7347-43b6-8641-96ced1acad17}</UniqueIdentifier>
    </Filter>
    <Filter Include="Header-Files\Configuration\Language\English">
      <UniqueIdentifier>{17ecb23b-7eab-4996-a7e1-04257a197a1c}</UniqueIdentifier>
    </Filter>
    <Filter Include="Header-Files\Configuration\Language\Korean">
      <UniqueIdentifier>{7d891bca-4bcf-4050-8853-e8c2dc8620b0}</UniqueIdentifier>
    </Filter>
    <Filter Include="Header-Files\Configuration\Language\English\StaticAssert">
      <UniqueIdentifier>{a12f3153-3c93-41fc-b874-3a4769220df9}</UniqueIdentifier>
    </Filter>
    <Filter Include="Header-Files\Configuration\Language\Korean\StaticAssert">
      <UniqueIdentifier>{ec0a3760-8126-434c-b50d-e56850a6b5ce}</UniqueIdentifier>
    </Filter>
  </ItemGroup>
  <ItemGroup>
    <ClInclude Include="..\Include\Luce.hh" />
    <ClInclude Include="..\Include\Luce\Configuration.hh">
      <Filter>Header-Files</Filter>
    </ClInclude>
    <ClInclude Include="..\Include\Luce\Configuration\Compiler.hh">
      <Filter>Header-Files\Configuration</Filter>
    </ClInclude>
    <ClInclude Include="..\Include\Luce\Configuration\Compiler-Value.hh">
      <Filter>Header-Files\Configuration</Filter>
    </ClInclude>
    <ClInclude Include="..\Include\Luce\Configuration\Compiler\Clang.hh">
      <Filter>Header-Files\Configuration\Compiler</Filter>
    </ClInclude>
    <ClInclude Include="..\Include\Luce\Configuration\Compiler\GCC.hh">
      <Filter>Header-Files\Configuration\Compiler</Filter>
    </ClInclude>
    <ClInclude Include="..\Include\Luce\Configuration\Compiler\MSVC.hh">
      <Filter>Header-Files\Configuration\Compiler</Filter>
    </ClInclude>
    <ClInclude Include="..\Include\Luce\Configuration\Compiler\ICC.hh">
      <Filter>Header-Files\Configuration\Compiler</Filter>
    </ClInclude>
    <ClInclude Include="..\Include\Luce\Configuration\Platform-Value.hh">
      <Filter>Header-Files\Configuration</Filter>
    </ClInclude>
    <ClInclude Include="..\Include\Luce\Configuration\Platform\Linux.hh">
      <Filter>Header-Files\Configuration\Platform</Filter>
    </ClInclude>
    <ClInclude Include="..\Include\Luce\Configuration\Platform\Unix.hh">
      <Filter>Header-Files\Configuration\Platform</Filter>
    </ClInclude>
    <ClInclude Include="..\Include\Luce\Configuration\Basic-Value.hh">
      <Filter>Header-Files\Configuration</Filter>
    </ClInclude>
    <ClInclude Include="..\Include\Luce\Configuration\LinkingMode.hh">
      <Filter>Header-Files\Configuration</Filter>
    </ClInclude>
    <ClInclude Include="..\Include\Luce\Configuration\LinkingMode-Value.hh">
      <Filter>Header-Files\Configuration</Filter>
    </ClInclude>
    <ClInclude Include="..\Include\Luce\Configuration\Platform\Windows.hh">
      <Filter>Header-Files\Configuration\Platform</Filter>
    </ClInclude>
    <ClInclude Include="..\Include\Luce\Configuration\Feature\NoExcept.hh">
      <Filter>Header-Files\Configuration\Feature</Filter>
    </ClInclude>
    <ClInclude Include="..\Include\Luce\Configuration\Feature\Cpp11.hh">
      <Filter>Header-Files\Configuration\Feature</Filter>
    </ClInclude>
    <ClInclude Include="..\Include\Luce\Configuration\Feature\Final.hh">
      <Filter>Header-Files\Configuration\Feature</Filter>
    </ClInclude>
    <ClInclude Include="..\Include\Luce\Configuration\Feature\Cpp98.hh">
      <Filter>Header-Files\Configuration\Feature</Filter>
    </ClInclude>
    <ClInclude Include="..\Include\Luce\Configuration\Feature\Override.hh">
      <Filter>Header-Files\Configuration\Feature</Filter>
    </ClInclude>
    <ClInclude Include="..\Include\Luce\Configuration\Feature.hh">
      <Filter>Header-Files\Configuration</Filter>
    </ClInclude>
    <ClInclude Include="..\Include\Luce\Configuration\Feature\StaticAssert.hh">
      <Filter>Header-Files\Configuration\Feature</Filter>
    </ClInclude>
    <ClInclude Include="..\Include\Luce\Configuration\Feature\Constexpr.hh">
      <Filter>Header-Files\Configuration\Feature</Filter>
    </ClInclude>
    <ClInclude Include="..\Include\Luce\Configuration\LuceInfo.hh">
      <Filter>Header-Files\Configuration</Filter>
    </ClInclude>
    <ClInclude Include="..\Include\Luce\Configuration\Language.hh">
      <Filter>Header-Files\Configuration</Filter>
    </ClInclude>
    <ClInclude Include="..\Include\Luce\Configuration\Language-Value.hh">
      <Filter>Header-Files\Configuration</Filter>
    </ClInclude>
    <ClInclude Include="..\Include\Luce\Configuration\Language\English.hh">
      <Filter>Header-Files\Configuration\Language</Filter>
    </ClInclude>
    <ClInclude Include="..\Include\Luce\Configuration\Language\Korean.hh">
      <Filter>Header-Files\Configuration\Language</Filter>
    </ClInclude>
    <ClInclude Include="..\Include\Luce\Configuration\Language\English\StaticAssert.hh">
      <Filter>Header-Files\Configuration\Language\English</Filter>
    </ClInclude>
    <ClInclude Include="..\Include\Luce\Configuration\Language\English\StaticAssert\8Bit.hh">
      <Filter>Header-Files\Configuration\Language\English\StaticAssert</Filter>
    </ClInclude>
    <ClInclude Include="..\Include\Luce\Configuration\Language\English\StaticAssert\16Bit.hh">
      <Filter>Header-Files\Configuration\Language\English\StaticAssert</Filter>
    </ClInclude>
    <ClInclude Include="..\Include\Luce\Configuration\Language\Korean\StaticAssert\8Bit.hh">
      <Filter>Header-Files\Configuration\Language\Korean\StaticAssert</Filter>
    </ClInclude>
    <ClInclude Include="..\Include\Luce\Configuration\Language\Korean\StaticAssert\16Bit.hh">
      <Filter>Header-Files\Configuration\Language\Korean\StaticAssert</Filter>
    </ClInclude>
    <ClInclude Include="..\Include\Luce\Configuration\Language\Korean\StaticAssert.hh">
      <Filter>Header-Files\Configuration\Language\Korean</Filter>
    </ClInclude>
    <ClInclude Include="..\Include\Luce\Configuration\Language\English\StaticAssert\WinXP.hh">
      <Filter>Header-Files\Configuration\Language\English\StaticAssert</Filter>
    </ClInclude>
    <ClInclude Include="..\Include\Luce\Configuration\Language\Korean\StaticAssert\WinXP.hh">
      <Filter>Header-Files\Configuration\Language\Korean\StaticAssert</Filter>
    </ClInclude>
    <ClInclude Include="..\Include\Luce\Configuration\Language\Korean\StaticAssert\Real48.hh">
      <Filter>Header-Files\Configuration\Language\Korean\StaticAssert</Filter>
    </ClInclude>
    <ClInclude Include="..\Include\Luce\Configuration\Language\English\StaticAssert\Real48.hh">
      <Filter>Header-Files\Configuration\Language\English\StaticAssert</Filter>
    </ClInclude>
  </ItemGroup>
  <ItemGroup>
    <ClCompile Include="..\Source\Assertion-Common.cc">
      <Filter>Source-Files</Filter>
    </ClCompile>
    <ClCompile Include="..\Source\Assertion-Windows.cc">
      <Filter>Source-Files</Filter>
    </ClCompile>
    <ClCompile Include="..\Source\Configuration\LuceInfo.cc">
      <Filter>Source-Files\Configuration</Filter>
    </ClCompile>
  </ItemGroup>
</Project>