<?xml version="1.0" encoding="utf-8"?>
<Project ToolsVersion="4.0" xmlns="http://schemas.microsoft.com/developer/msbuild/2003">
  <ItemGroup>
    <Filter Include="Header-Files">
      <UniqueIdentifier>{f8c7e32f-284f-4620-be05-e991ec28398e}</UniqueIdentifier>
    </Filter>
    <Filter Include="Header-Files\Configuration">
      <UniqueIdentifier>{ffbe31b1-bf19-475f-8303-4f67a38d81d0}</UniqueIdentifier>
    </Filter>
    <Filter Include="Header-Files\Configuration\Compiler">
      <UniqueIdentifier>{0942c4e1-d167-434a-9fdc-4834d946520a}</UniqueIdentifier>
    </Filter>
    <Filter Include="Header-Files\Configuration\Platform">
      <UniqueIdentifier>{2e8df590-4524-458f-abc4-406a683d830b}</UniqueIdentifier>
    </Filter>
    <Filter Include="Header-Files\Configuration\Feature">
      <UniqueIdentifier>{a477859d-71b5-4436-be06-b076ca90cbec}</UniqueIdentifier>
    </Filter>
    <Filter Include="Source-Files">
      <UniqueIdentifier>{15aba14a-d992-4222-afb1-c3e2e591cd70}</UniqueIdentifier>
    </Filter>
  </ItemGroup>
  <ItemGroup>
    <ClInclude Include="..\Include\Luce.hh" />
    <ClInclude Include="..\Include\Luce\Configuration.hh">
      <Filter>Header-Files</Filter>
    </ClInclude>
    <ClInclude Include="..\Include\Luce\Configuration\Compiler.hh">
      <Filter>Header-Files\Configuration</Filter>
    </ClInclude>
    <ClInclude Include="..\Include\Luce\Configuration\Compiler-Value.hh">
      <Filter>Header-Files\Configuration</Filter>
    </ClInclude>
    <ClInclude Include="..\Include\Luce\Configuration\Compiler\Clang.hh">
      <Filter>Header-Files\Configuration\Compiler</Filter>
    </ClInclude>
    <ClInclude Include="..\Include\Luce\Configuration\Compiler\GCC.hh">
      <Filter>Header-Files\Configuration\Compiler</Filter>
    </ClInclude>
    <ClInclude Include="..\Include\Luce\Configuration\Compiler\MSVC.hh">
      <Filter>Header-Files\Configuration\Compiler</Filter>
    </ClInclude>
    <ClInclude Include="..\Include\Luce\Configuration\Compiler\ICC.hh">
      <Filter>Header-Files\Configuration\Compiler</Filter>
    </ClInclude>
    <ClInclude Include="..\Include\Luce\Configuration\Platform-Value.hh">
      <Filter>Header-Files\Configuration</Filter>
    </ClInclude>
    <ClInclude Include="..\Include\Luce\Configuration\Platform\Linux.hh">
      <Filter>Header-Files\Configuration\Platform</Filter>
    </ClInclude>
    <ClInclude Include="..\Include\Luce\Configuration\Platform\Unix.hh">
      <Filter>Header-Files\Configuration\Platform</Filter>
    </ClInclude>
    <ClInclude Include="..\Include\Luce\Configuration\Basic-Value.hh">
      <Filter>Header-Files\Configuration</Filter>
    </ClInclude>
    <ClInclude Include="..\Include\Luce\Configuration\LinkingMode.hh">
      <Filter>Header-Files\Configuration</Filter>
    </ClInclude>
    <ClInclude Include="..\Include\Luce\Configuration\LinkingMode-Value.hh">
      <Filter>Header-Files\Configuration</Filter>
    </ClInclude>
    <ClInclude Include="..\Include\Luce\Configuration\Platform\Windows.hh">
      <Filter>Header-Files\Configuration\Platform</Filter>
    </ClInclude>
    <ClInclude Include="..\Include\Luce\Configuration\Platform\Linux-Header.hh">
      <Filter>Header-Files\Configuration\Platform</Filter>
    </ClInclude>
    <ClInclude Include="..\Include\Luce\Configuration\Platform\Unix-Header.hh">
      <Filter>Header-Files\Configuration\Platform</Filter>
    </ClInclude>
    <ClInclude Include="..\Include\Luce\Configuration\Feature\NoExcept.hh">
      <Filter>Header-Files\Configuration\Feature</Filter>
    </ClInclude>
    <ClInclude Include="..\Include\Luce\Configuration\Feature\Cpp11.hh">
      <Filter>Header-Files\Configuration\Feature</Filter>
    </ClInclude>
    <ClInclude Include="..\Include\Luce\Configuration\Feature\Final.hh">
      <Filter>Header-Files\Configuration\Feature</Filter>
    </ClInclude>
    <ClInclude Include="..\Include\Luce\Configuration\Feature\Cpp98.hh">
      <Filter>Header-Files\Configuration\Feature</Filter>
    </ClInclude>
    <ClInclude Include="..\Include\Luce\Configuration\Feature\Override.hh">
      <Filter>Header-Files\Configuration\Feature</Filter>
    </ClInclude>
    <ClInclude Include="..\Include\Luce\Configuration\Feature.hh">
      <Filter>Header-Files\Configuration</Filter>
    </ClInclude>
    <ClInclude Include="..\Include\Luce\Configuration\Feature\StaticAssert.hh">
      <Filter>Header-Files\Configuration\Feature</Filter>
    </ClInclude>
    <ClInclude Include="..\Include\Luce\Configuration\Feature\Constexpr.hh">
      <Filter>Header-Files\Configuration\Feature</Filter>
    </ClInclude>
  </ItemGroup>
  <ItemGroup>
    <ClCompile Include="..\Source\Assertion-Common.cc">
      <Filter>Source-Files</Filter>
    </ClCompile>
  </ItemGroup>
</Project>