
Microsoft Visual Studio Solution File, Format Version 12.00
# Visual Studio 15
VisualStudioVersion = 15.0.26430.12
MinimumVisualStudioVersion = 10.0.40219.1
Project("{8BC9CEB8-8B4A-11D0-8D11-00A0C91BC942}") = "Luce", "Luce.vcxproj", "{0E8E62AD-72BB-418E-A711-C827720CE40A}"
	ProjectSection(ProjectDependencies) = postProject
		{60CCBA06-B4B4-4106-B388-F62E41245987} = {60CCBA06-B4B4-4106-B388-F62E41245987}
		{F956A024-B12B-4C3C-BEF3-D2C0AEEE8179} = {F956A024-B12B-4C3C-BEF3-D2C0AEEE8179}
		{D6171144-6A26-4F1A-AAB8-90968CF9DDEE} = {D6171144-6A26-4F1A-AAB8-90968CF9DDEE}
		{49BFCE4B-6021-404F-8544-6CF83E6D2873} = {49BFCE4B-6021-404F-8544-6CF83E6D2873}
		{79135457-30D5-4921-AD71-F5BADC086B15} = {79135457-30D5-4921-AD71-F5BADC086B15}
		{BA7EAD6C-D22C-401F-996C-56A4826B86DD} = {BA7EAD6C-D22C-401F-996C-56A4826B86DD}
		{DD51408D-4854-4BD0-A6B9-10C728173B9C} = {DD51408D-4854-4BD0-A6B9-10C728173B9C}
		{89F60D95-58F7-48DD-9F8F-7B1B2FA5EDCB} = {89F60D95-58F7-48DD-9F8F-7B1B2FA5EDCB}
		{A6C9BB98-DEF4-4FE5-8485-ABDD66B4101D} = {A6C9BB98-DEF4-4FE5-8485-ABDD66B4101D}
		{E41E429C-8E2E-4E2C-8318-646CA1303886} = {E41E429C-8E2E-4E2C-8318-646CA1303886}
		{DF5A8ED0-337A-4E8D-A007-B747EF4D2AB8} = {DF5A8ED0-337A-4E8D-A007-B747EF4D2AB8}
		{B02ED9D8-0C82-472D-AB63-CE8769D1F712} = {B02ED9D8-0C82-472D-AB63-CE8769D1F712}
		{0CE141E7-98CE-4E21-B25D-88BD45B04FFD} = {0CE141E7-98CE-4E21-B25D-88BD45B04FFD}
	EndProjectSection
EndProject
Project("{8BC9CEB8-8B4A-11D0-8D11-00A0C91BC942}") = "Luce-Memory", "Sub-Modules\Luce-Memory\Luce-Memory.vcxproj", "{F956A024-B12B-4C3C-BEF3-D2C0AEEE8179}"
	ProjectSection(ProjectDependencies) = postProject
		{79135457-30D5-4921-AD71-F5BADC086B15} = {79135457-30D5-4921-AD71-F5BADC086B15}
		{89F60D95-58F7-48DD-9F8F-7B1B2FA5EDCB} = {89F60D95-58F7-48DD-9F8F-7B1B2FA5EDCB}
	EndProjectSection
EndProject
Project("{8BC9CEB8-8B4A-11D0-8D11-00A0C91BC942}") = "Luce-Utility", "Sub-Modules\Luce-Utility\Luce-Utility.vcxproj", "{60CCBA06-B4B4-4106-B388-F62E41245987}"
EndProject
Project("{2150E333-8FDC-42A3-9474-1A3956D46DE8}") = "Test-Projects", "Test-Projects", "{0FD1A474-1FC3-4654-A7B1-7D0CFFB84690}"
EndProject
Project("{8BC9CEB8-8B4A-11D0-8D11-00A0C91BC942}") = "Test1", "..\Test-Projects\Test1\Test1.vcxproj", "{7F356A13-E923-4BC7-9F28-77190BB6FE38}"
	ProjectSection(ProjectDependencies) = postProject
		{0E8E62AD-72BB-418E-A711-C827720CE40A} = {0E8E62AD-72BB-418E-A711-C827720CE40A}
	EndProjectSection
EndProject
Project("{8BC9CEB8-8B4A-11D0-8D11-00A0C91BC942}") = "Luce-Threading", "Sub-Modules\Luce-Threading\Luce-Threading.vcxproj", "{79135457-30D5-4921-AD71-F5BADC086B15}"
EndProject
Project("{8BC9CEB8-8B4A-11D0-8D11-00A0C91BC942}") = "Luce-Exception", "Sub-Modules\Luce-Exception\Luce-Exception.vcxproj", "{89F60D95-58F7-48DD-9F8F-7B1B2FA5EDCB}"
EndProject
Project("{8BC9CEB8-8B4A-11D0-8D11-00A0C91BC942}") = "Luce-System", "Sub-Modules\Luce-System\Luce-System.vcxproj", "{B02ED9D8-0C82-472D-AB63-CE8769D1F712}"
	ProjectSection(ProjectDependencies) = postProject
		{89F60D95-58F7-48DD-9F8F-7B1B2FA5EDCB} = {89F60D95-58F7-48DD-9F8F-7B1B2FA5EDCB}
	EndProjectSection
EndProject
Project("{8BC9CEB8-8B4A-11D0-8D11-00A0C91BC942}") = "Luce-Windows", "Sub-Modules\Luce-Windows\Luce-Windows.vcxproj", "{DD51408D-4854-4BD0-A6B9-10C728173B9C}"
	ProjectSection(ProjectDependencies) = postProject
		{89F60D95-58F7-48DD-9F8F-7B1B2FA5EDCB} = {89F60D95-58F7-48DD-9F8F-7B1B2FA5EDCB}
	EndProjectSection
EndProject
Project("{8BC9CEB8-8B4A-11D0-8D11-00A0C91BC942}") = "Luce-Text", "Sub-Modules\Luce-Text\Luce-Text.vcxproj", "{49BFCE4B-6021-404F-8544-6CF83E6D2873}"
	ProjectSection(ProjectDependencies) = postProject
		{89F60D95-58F7-48DD-9F8F-7B1B2FA5EDCB} = {89F60D95-58F7-48DD-9F8F-7B1B2FA5EDCB}
	EndProjectSection
EndProject
Project("{8BC9CEB8-8B4A-11D0-8D11-00A0C91BC942}") = "Luce-TypeTrait", "Sub-Modules\Luce-TypeTrait\Luce-TypeTrait.vcxproj", "{DF5A8ED0-337A-4E8D-A007-B747EF4D2AB8}"
EndProject
Project("{8BC9CEB8-8B4A-11D0-8D11-00A0C91BC942}") = "Luce-Component", "Sub-Modules\Luce-Component\Luce-Component.vcxproj", "{BA7EAD6C-D22C-401F-996C-56A4826B86DD}"
	ProjectSection(ProjectDependencies) = postProject
		{89F60D95-58F7-48DD-9F8F-7B1B2FA5EDCB} = {89F60D95-58F7-48DD-9F8F-7B1B2FA5EDCB}
	EndProjectSection
EndProject
Project("{8BC9CEB8-8B4A-11D0-8D11-00A0C91BC942}") = "Luce-AI", "Sub-Modules\Luce-AI\Luce-AI.vcxproj", "{A6C9BB98-DEF4-4FE5-8485-ABDD66B4101D}"
EndProject
Project("{8BC9CEB8-8B4A-11D0-8D11-00A0C91BC942}") = "Luce-Functional", "Sub-Modules\Luce-Functional\Luce-Functional.vcxproj", "{E41E429C-8E2E-4E2C-8318-646CA1303886}"
EndProject
Project("{8BC9CEB8-8B4A-11D0-8D11-00A0C91BC942}") = "Luce-Math", "Sub-Modules\Luce-Math\Luce-Math.vcxproj", "{0CE141E7-98CE-4E21-B25D-88BD45B04FFD}"
EndProject
Project("{8BC9CEB8-8B4A-11D0-8D11-00A0C91BC942}") = "Luce-Preprocessor", "Sub-Modules\Luce-Preprocessor\Luce-Preprocessor.vcxproj", "{D6171144-6A26-4F1A-AAB8-90968CF9DDEE}"
EndProject
Global
	GlobalSection(SolutionConfigurationPlatforms) = preSolution
		Debug|x64 = Debug|x64
		Debug|x86 = Debug|x86
		Release|x64 = Release|x64
		Release|x86 = Release|x86
	EndGlobalSection
	GlobalSection(ProjectConfigurationPlatforms) = postSolution
		{0E8E62AD-72BB-418E-A711-C827720CE40A}.Debug|x64.ActiveCfg = Debug|x64
		{0E8E62AD-72BB-418E-A711-C827720CE40A}.Debug|x64.Build.0 = Debug|x64
		{0E8E62AD-72BB-418E-A711-C827720CE40A}.Debug|x86.ActiveCfg = Debug|Win32
		{0E8E62AD-72BB-418E-A711-C827720CE40A}.Debug|x86.Build.0 = Debug|Win32
		{0E8E62AD-72BB-418E-A711-C827720CE40A}.Release|x64.ActiveCfg = Release|x64
		{0E8E62AD-72BB-418E-A711-C827720CE40A}.Release|x64.Build.0 = Release|x64
		{0E8E62AD-72BB-418E-A711-C827720CE40A}.Release|x86.ActiveCfg = Release|Win32
		{0E8E62AD-72BB-418E-A711-C827720CE40A}.Release|x86.Build.0 = Release|Win32
		{F956A024-B12B-4C3C-BEF3-D2C0AEEE8179}.Debug|x64.ActiveCfg = Debug|x64
		{F956A024-B12B-4C3C-BEF3-D2C0AEEE8179}.Debug|x64.Build.0 = Debug|x64
		{F956A024-B12B-4C3C-BEF3-D2C0AEEE8179}.Debug|x86.ActiveCfg = Debug|Win32
		{F956A024-B12B-4C3C-BEF3-D2C0AEEE8179}.Debug|x86.Build.0 = Debug|Win32
		{F956A024-B12B-4C3C-BEF3-D2C0AEEE8179}.Release|x64.ActiveCfg = Release|x64
		{F956A024-B12B-4C3C-BEF3-D2C0AEEE8179}.Release|x64.Build.0 = Release|x64
		{F956A024-B12B-4C3C-BEF3-D2C0AEEE8179}.Release|x86.ActiveCfg = Release|Win32
		{F956A024-B12B-4C3C-BEF3-D2C0AEEE8179}.Release|x86.Build.0 = Release|Win32
		{60CCBA06-B4B4-4106-B388-F62E41245987}.Debug|x64.ActiveCfg = Debug|x64
		{60CCBA06-B4B4-4106-B388-F62E41245987}.Debug|x64.Build.0 = Debug|x64
		{60CCBA06-B4B4-4106-B388-F62E41245987}.Debug|x86.ActiveCfg = Debug|Win32
		{60CCBA06-B4B4-4106-B388-F62E41245987}.Debug|x86.Build.0 = Debug|Win32
		{60CCBA06-B4B4-4106-B388-F62E41245987}.Release|x64.ActiveCfg = Release|x64
		{60CCBA06-B4B4-4106-B388-F62E41245987}.Release|x64.Build.0 = Release|x64
		{60CCBA06-B4B4-4106-B388-F62E41245987}.Release|x86.ActiveCfg = Release|Win32
		{60CCBA06-B4B4-4106-B388-F62E41245987}.Release|x86.Build.0 = Release|Win32
		{7F356A13-E923-4BC7-9F28-77190BB6FE38}.Debug|x64.ActiveCfg = Debug|x64
		{7F356A13-E923-4BC7-9F28-77190BB6FE38}.Debug|x64.Build.0 = Debug|x64
		{7F356A13-E923-4BC7-9F28-77190BB6FE38}.Debug|x86.ActiveCfg = Debug|Win32
		{7F356A13-E923-4BC7-9F28-77190BB6FE38}.Debug|x86.Build.0 = Debug|Win32
		{7F356A13-E923-4BC7-9F28-77190BB6FE38}.Release|x64.ActiveCfg = Release|x64
		{7F356A13-E923-4BC7-9F28-77190BB6FE38}.Release|x64.Build.0 = Release|x64
		{7F356A13-E923-4BC7-9F28-77190BB6FE38}.Release|x86.ActiveCfg = Release|Win32
		{7F356A13-E923-4BC7-9F28-77190BB6FE38}.Release|x86.Build.0 = Release|Win32
		{79135457-30D5-4921-AD71-F5BADC086B15}.Debug|x64.ActiveCfg = Debug|x64
		{79135457-30D5-4921-AD71-F5BADC086B15}.Debug|x64.Build.0 = Debug|x64
		{79135457-30D5-4921-AD71-F5BADC086B15}.Debug|x86.ActiveCfg = Debug|Win32
		{79135457-30D5-4921-AD71-F5BADC086B15}.Debug|x86.Build.0 = Debug|Win32
		{79135457-30D5-4921-AD71-F5BADC086B15}.Release|x64.ActiveCfg = Release|x64
		{79135457-30D5-4921-AD71-F5BADC086B15}.Release|x64.Build.0 = Release|x64
		{79135457-30D5-4921-AD71-F5BADC086B15}.Release|x86.ActiveCfg = Release|Win32
		{79135457-30D5-4921-AD71-F5BADC086B15}.Release|x86.Build.0 = Release|Win32
		{89F60D95-58F7-48DD-9F8F-7B1B2FA5EDCB}.Debug|x64.ActiveCfg = Debug|x64
		{89F60D95-58F7-48DD-9F8F-7B1B2FA5EDCB}.Debug|x64.Build.0 = Debug|x64
		{89F60D95-58F7-48DD-9F8F-7B1B2FA5EDCB}.Debug|x86.ActiveCfg = Debug|Win32
		{89F60D95-58F7-48DD-9F8F-7B1B2FA5EDCB}.Debug|x86.Build.0 = Debug|Win32
		{89F60D95-58F7-48DD-9F8F-7B1B2FA5EDCB}.Release|x64.ActiveCfg = Release|x64
		{89F60D95-58F7-48DD-9F8F-7B1B2FA5EDCB}.Release|x64.Build.0 = Release|x64
		{89F60D95-58F7-48DD-9F8F-7B1B2FA5EDCB}.Release|x86.ActiveCfg = Release|Win32
		{89F60D95-58F7-48DD-9F8F-7B1B2FA5EDCB}.Release|x86.Build.0 = Release|Win32
		{B02ED9D8-0C82-472D-AB63-CE8769D1F712}.Debug|x64.ActiveCfg = Debug|x64
		{B02ED9D8-0C82-472D-AB63-CE8769D1F712}.Debug|x64.Build.0 = Debug|x64
		{B02ED9D8-0C82-472D-AB63-CE8769D1F712}.Debug|x86.ActiveCfg = Debug|Win32
		{B02ED9D8-0C82-472D-AB63-CE8769D1F712}.Debug|x86.Build.0 = Debug|Win32
		{B02ED9D8-0C82-472D-AB63-CE8769D1F712}.Release|x64.ActiveCfg = Release|x64
		{B02ED9D8-0C82-472D-AB63-CE8769D1F712}.Release|x64.Build.0 = Release|x64
		{B02ED9D8-0C82-472D-AB63-CE8769D1F712}.Release|x86.ActiveCfg = Release|Win32
		{B02ED9D8-0C82-472D-AB63-CE8769D1F712}.Release|x86.Build.0 = Release|Win32
		{DD51408D-4854-4BD0-A6B9-10C728173B9C}.Debug|x64.ActiveCfg = Debug|x64
		{DD51408D-4854-4BD0-A6B9-10C728173B9C}.Debug|x64.Build.0 = Debug|x64
		{DD51408D-4854-4BD0-A6B9-10C728173B9C}.Debug|x86.ActiveCfg = Debug|Win32
		{DD51408D-4854-4BD0-A6B9-10C728173B9C}.Debug|x86.Build.0 = Debug|Win32
		{DD51408D-4854-4BD0-A6B9-10C728173B9C}.Release|x64.ActiveCfg = Release|x64
		{DD51408D-4854-4BD0-A6B9-10C728173B9C}.Release|x64.Build.0 = Release|x64
		{DD51408D-4854-4BD0-A6B9-10C728173B9C}.Release|x86.ActiveCfg = Release|Win32
		{DD51408D-4854-4BD0-A6B9-10C728173B9C}.Release|x86.Build.0 = Release|Win32
		{49BFCE4B-6021-404F-8544-6CF83E6D2873}.Debug|x64.ActiveCfg = Debug|x64
		{49BFCE4B-6021-404F-8544-6CF83E6D2873}.Debug|x64.Build.0 = Debug|x64
		{49BFCE4B-6021-404F-8544-6CF83E6D2873}.Debug|x86.ActiveCfg = Debug|Win32
		{49BFCE4B-6021-404F-8544-6CF83E6D2873}.Debug|x86.Build.0 = Debug|Win32
		{49BFCE4B-6021-404F-8544-6CF83E6D2873}.Release|x64.ActiveCfg = Release|x64
		{49BFCE4B-6021-404F-8544-6CF83E6D2873}.Release|x64.Build.0 = Release|x64
		{49BFCE4B-6021-404F-8544-6CF83E6D2873}.Release|x86.ActiveCfg = Release|Win32
		{49BFCE4B-6021-404F-8544-6CF83E6D2873}.Release|x86.Build.0 = Release|Win32
		{DF5A8ED0-337A-4E8D-A007-B747EF4D2AB8}.Debug|x64.ActiveCfg = Debug|x64
		{DF5A8ED0-337A-4E8D-A007-B747EF4D2AB8}.Debug|x64.Build.0 = Debug|x64
		{DF5A8ED0-337A-4E8D-A007-B747EF4D2AB8}.Debug|x86.ActiveCfg = Debug|Win32
		{DF5A8ED0-337A-4E8D-A007-B747EF4D2AB8}.Debug|x86.Build.0 = Debug|Win32
		{DF5A8ED0-337A-4E8D-A007-B747EF4D2AB8}.Release|x64.ActiveCfg = Release|x64
		{DF5A8ED0-337A-4E8D-A007-B747EF4D2AB8}.Release|x64.Build.0 = Release|x64
		{DF5A8ED0-337A-4E8D-A007-B747EF4D2AB8}.Release|x86.ActiveCfg = Release|Win32
		{DF5A8ED0-337A-4E8D-A007-B747EF4D2AB8}.Release|x86.Build.0 = Release|Win32
		{BA7EAD6C-D22C-401F-996C-56A4826B86DD}.Debug|x64.ActiveCfg = Debug|x64
		{BA7EAD6C-D22C-401F-996C-56A4826B86DD}.Debug|x64.Build.0 = Debug|x64
		{BA7EAD6C-D22C-401F-996C-56A4826B86DD}.Debug|x86.ActiveCfg = Debug|Win32
		{BA7EAD6C-D22C-401F-996C-56A4826B86DD}.Debug|x86.Build.0 = Debug|Win32
		{BA7EAD6C-D22C-401F-996C-56A4826B86DD}.Release|x64.ActiveCfg = Release|x64
		{BA7EAD6C-D22C-401F-996C-56A4826B86DD}.Release|x64.Build.0 = Release|x64
		{BA7EAD6C-D22C-401F-996C-56A4826B86DD}.Release|x86.ActiveCfg = Release|Win32
		{BA7EAD6C-D22C-401F-996C-56A4826B86DD}.Release|x86.Build.0 = Release|Win32
		{A6C9BB98-DEF4-4FE5-8485-ABDD66B4101D}.Debug|x64.ActiveCfg = Debug|x64
		{A6C9BB98-DEF4-4FE5-8485-ABDD66B4101D}.Debug|x64.Build.0 = Debug|x64
		{A6C9BB98-DEF4-4FE5-8485-ABDD66B4101D}.Debug|x86.ActiveCfg = Debug|Win32
		{A6C9BB98-DEF4-4FE5-8485-ABDD66B4101D}.Debug|x86.Build.0 = Debug|Win32
		{A6C9BB98-DEF4-4FE5-8485-ABDD66B4101D}.Release|x64.ActiveCfg = Release|x64
		{A6C9BB98-DEF4-4FE5-8485-ABDD66B4101D}.Release|x64.Build.0 = Release|x64
		{A6C9BB98-DEF4-4FE5-8485-ABDD66B4101D}.Release|x86.ActiveCfg = Release|Win32
		{A6C9BB98-DEF4-4FE5-8485-ABDD66B4101D}.Release|x86.Build.0 = Release|Win32
		{E41E429C-8E2E-4E2C-8318-646CA1303886}.Debug|x64.ActiveCfg = Debug|x64
		{E41E429C-8E2E-4E2C-8318-646CA1303886}.Debug|x64.Build.0 = Debug|x64
		{E41E429C-8E2E-4E2C-8318-646CA1303886}.Debug|x86.ActiveCfg = Debug|Win32
		{E41E429C-8E2E-4E2C-8318-646CA1303886}.Debug|x86.Build.0 = Debug|Win32
		{E41E429C-8E2E-4E2C-8318-646CA1303886}.Release|x64.ActiveCfg = Release|x64
		{E41E429C-8E2E-4E2C-8318-646CA1303886}.Release|x64.Build.0 = Release|x64
		{E41E429C-8E2E-4E2C-8318-646CA1303886}.Release|x86.ActiveCfg = Release|Win32
		{E41E429C-8E2E-4E2C-8318-646CA1303886}.Release|x86.Build.0 = Release|Win32
		{0CE141E7-98CE-4E21-B25D-88BD45B04FFD}.Debug|x64.ActiveCfg = Debug|x64
		{0CE141E7-98CE-4E21-B25D-88BD45B04FFD}.Debug|x64.Build.0 = Debug|x64
		{0CE141E7-98CE-4E21-B25D-88BD45B04FFD}.Debug|x86.ActiveCfg = Debug|Win32
		{0CE141E7-98CE-4E21-B25D-88BD45B04FFD}.Debug|x86.Build.0 = Debug|Win32
		{0CE141E7-98CE-4E21-B25D-88BD45B04FFD}.Release|x64.ActiveCfg = Release|x64
		{0CE141E7-98CE-4E21-B25D-88BD45B04FFD}.Release|x64.Build.0 = Release|x64
		{0CE141E7-98CE-4E21-B25D-88BD45B04FFD}.Release|x86.ActiveCfg = Release|Win32
		{0CE141E7-98CE-4E21-B25D-88BD45B04FFD}.Release|x86.Build.0 = Release|Win32
		{D6171144-6A26-4F1A-AAB8-90968CF9DDEE}.Debug|x64.ActiveCfg = Debug|x64
		{D6171144-6A26-4F1A-AAB8-90968CF9DDEE}.Debug|x64.Build.0 = Debug|x64
		{D6171144-6A26-4F1A-AAB8-90968CF9DDEE}.Debug|x86.ActiveCfg = Debug|Win32
		{D6171144-6A26-4F1A-AAB8-90968CF9DDEE}.Debug|x86.Build.0 = Debug|Win32
		{D6171144-6A26-4F1A-AAB8-90968CF9DDEE}.Release|x64.ActiveCfg = Release|x64
		{D6171144-6A26-4F1A-AAB8-90968CF9DDEE}.Release|x64.Build.0 = Release|x64
		{D6171144-6A26-4F1A-AAB8-90968CF9DDEE}.Release|x86.ActiveCfg = Release|Win32
		{D6171144-6A26-4F1A-AAB8-90968CF9DDEE}.Release|x86.Build.0 = Release|Win32
	EndGlobalSection
	GlobalSection(SolutionProperties) = preSolution
		HideSolutionNode = FALSE
	EndGlobalSection
	GlobalSection(NestedProjects) = preSolution
		{7F356A13-E923-4BC7-9F28-77190BB6FE38} = {0FD1A474-1FC3-4654-A7B1-7D0CFFB84690}
	EndGlobalSection
EndGlobal
