
Microsoft Visual Studio Solution File, Format Version 12.00
# Visual Studio 15
VisualStudioVersion = 15.0.26403.7
MinimumVisualStudioVersion = 10.0.40219.1
Project("{8BC9CEB8-8B4A-11D0-8D11-00A0C91BC942}") = "Luce", "Luce.vcxproj", "{0E8E62AD-72BB-418E-A711-C827720CE40A}"
	ProjectSection(ProjectDependencies) = postProject
		{60CCBA06-B4B4-4106-B388-F62E41245987} = {60CCBA06-B4B4-4106-B388-F62E41245987}
		{F956A024-B12B-4C3C-BEF3-D2C0AEEE8179} = {F956A024-B12B-4C3C-BEF3-D2C0AEEE8179}
		{79135457-30D5-4921-AD71-F5BADC086B15} = {79135457-30D5-4921-AD71-F5BADC086B15}
	EndProjectSection
EndProject
Project("{8BC9CEB8-8B4A-11D0-8D11-00A0C91BC942}") = "Luce-Memory", "Sub-Modules\Luce-Memory.vcxproj", "{F956A024-B12B-4C3C-BEF3-D2C0AEEE8179}"
	ProjectSection(ProjectDependencies) = postProject
		{79135457-30D5-4921-AD71-F5BADC086B15} = {79135457-30D5-4921-AD71-F5BADC086B15}
	EndProjectSection
EndProject
Project("{8BC9CEB8-8B4A-11D0-8D11-00A0C91BC942}") = "Luce-Utility", "Sub-Modules\Luce-Utility.vcxproj", "{60CCBA06-B4B4-4106-B388-F62E41245987}"
EndProject
Project("{2150E333-8FDC-42A3-9474-1A3956D46DE8}") = "Test-Projects", "Test-Projects", "{0FD1A474-1FC3-4654-A7B1-7D0CFFB84690}"
EndProject
Project("{8BC9CEB8-8B4A-11D0-8D11-00A0C91BC942}") = "Test1", "..\Test-Projects\Test1\Test1.vcxproj", "{7F356A13-E923-4BC7-9F28-77190BB6FE38}"
	ProjectSection(ProjectDependencies) = postProject
		{0E8E62AD-72BB-418E-A711-C827720CE40A} = {0E8E62AD-72BB-418E-A711-C827720CE40A}
	EndProjectSection
EndProject
Project("{8BC9CEB8-8B4A-11D0-8D11-00A0C91BC942}") = "Luce-Threading", "Sub-Modules\Luce-Threading.vcxproj", "{79135457-30D5-4921-AD71-F5BADC086B15}"
EndProject
Global
	GlobalSection(SolutionConfigurationPlatforms) = preSolution
		Debug|x64 = Debug|x64
		Debug|x86 = Debug|x86
		Release|x64 = Release|x64
		Release|x86 = Release|x86
	EndGlobalSection
	GlobalSection(ProjectConfigurationPlatforms) = postSolution
		{0E8E62AD-72BB-418E-A711-C827720CE40A}.Debug|x64.ActiveCfg = Debug|x64
		{0E8E62AD-72BB-418E-A711-C827720CE40A}.Debug|x64.Build.0 = Debug|x64
		{0E8E62AD-72BB-418E-A711-C827720CE40A}.Debug|x86.ActiveCfg = Debug|Win32
		{0E8E62AD-72BB-418E-A711-C827720CE40A}.Debug|x86.Build.0 = Debug|Win32
		{0E8E62AD-72BB-418E-A711-C827720CE40A}.Release|x64.ActiveCfg = Release|x64
		{0E8E62AD-72BB-418E-A711-C827720CE40A}.Release|x64.Build.0 = Release|x64
		{0E8E62AD-72BB-418E-A711-C827720CE40A}.Release|x86.ActiveCfg = Release|Win32
		{0E8E62AD-72BB-418E-A711-C827720CE40A}.Release|x86.Build.0 = Release|Win32
		{F956A024-B12B-4C3C-BEF3-D2C0AEEE8179}.Debug|x64.ActiveCfg = Debug|x64
		{F956A024-B12B-4C3C-BEF3-D2C0AEEE8179}.Debug|x64.Build.0 = Debug|x64
		{F956A024-B12B-4C3C-BEF3-D2C0AEEE8179}.Debug|x86.ActiveCfg = Debug|Win32
		{F956A024-B12B-4C3C-BEF3-D2C0AEEE8179}.Debug|x86.Build.0 = Debug|Win32
		{F956A024-B12B-4C3C-BEF3-D2C0AEEE8179}.Release|x64.ActiveCfg = Release|x64
		{F956A024-B12B-4C3C-BEF3-D2C0AEEE8179}.Release|x64.Build.0 = Release|x64
		{F956A024-B12B-4C3C-BEF3-D2C0AEEE8179}.Release|x86.ActiveCfg = Release|Win32
		{F956A024-B12B-4C3C-BEF3-D2C0AEEE8179}.Release|x86.Build.0 = Release|Win32
		{60CCBA06-B4B4-4106-B388-F62E41245987}.Debug|x64.ActiveCfg = Debug|x64
		{60CCBA06-B4B4-4106-B388-F62E41245987}.Debug|x64.Build.0 = Debug|x64
		{60CCBA06-B4B4-4106-B388-F62E41245987}.Debug|x86.ActiveCfg = Debug|Win32
		{60CCBA06-B4B4-4106-B388-F62E41245987}.Debug|x86.Build.0 = Debug|Win32
		{60CCBA06-B4B4-4106-B388-F62E41245987}.Release|x64.ActiveCfg = Release|x64
		{60CCBA06-B4B4-4106-B388-F62E41245987}.Release|x64.Build.0 = Release|x64
		{60CCBA06-B4B4-4106-B388-F62E41245987}.Release|x86.ActiveCfg = Release|Win32
		{60CCBA06-B4B4-4106-B388-F62E41245987}.Release|x86.Build.0 = Release|Win32
		{7F356A13-E923-4BC7-9F28-77190BB6FE38}.Debug|x64.ActiveCfg = Debug|x64
		{7F356A13-E923-4BC7-9F28-77190BB6FE38}.Debug|x64.Build.0 = Debug|x64
		{7F356A13-E923-4BC7-9F28-77190BB6FE38}.Debug|x86.ActiveCfg = Debug|Win32
		{7F356A13-E923-4BC7-9F28-77190BB6FE38}.Debug|x86.Build.0 = Debug|Win32
		{7F356A13-E923-4BC7-9F28-77190BB6FE38}.Release|x64.ActiveCfg = Release|x64
		{7F356A13-E923-4BC7-9F28-77190BB6FE38}.Release|x64.Build.0 = Release|x64
		{7F356A13-E923-4BC7-9F28-77190BB6FE38}.Release|x86.ActiveCfg = Release|Win32
		{7F356A13-E923-4BC7-9F28-77190BB6FE38}.Release|x86.Build.0 = Release|Win32
		{79135457-30D5-4921-AD71-F5BADC086B15}.Debug|x64.ActiveCfg = Debug|x64
		{79135457-30D5-4921-AD71-F5BADC086B15}.Debug|x64.Build.0 = Debug|x64
		{79135457-30D5-4921-AD71-F5BADC086B15}.Debug|x86.ActiveCfg = Debug|Win32
		{79135457-30D5-4921-AD71-F5BADC086B15}.Debug|x86.Build.0 = Debug|Win32
		{79135457-30D5-4921-AD71-F5BADC086B15}.Release|x64.ActiveCfg = Release|x64
		{79135457-30D5-4921-AD71-F5BADC086B15}.Release|x64.Build.0 = Release|x64
		{79135457-30D5-4921-AD71-F5BADC086B15}.Release|x86.ActiveCfg = Release|Win32
		{79135457-30D5-4921-AD71-F5BADC086B15}.Release|x86.Build.0 = Release|Win32
	EndGlobalSection
	GlobalSection(SolutionProperties) = preSolution
		HideSolutionNode = FALSE
	EndGlobalSection
	GlobalSection(NestedProjects) = preSolution
		{7F356A13-E923-4BC7-9F28-77190BB6FE38} = {0FD1A474-1FC3-4654-A7B1-7D0CFFB84690}
	EndGlobalSection
EndGlobal
