<?xml version="1.0" encoding="utf-8"?>
<Project ToolsVersion="4.0" xmlns="http://schemas.microsoft.com/developer/msbuild/2003">
  <ItemGroup>
    <Filter Include="Header-Files">
      <UniqueIdentifier>{52cf96f1-e2a7-40da-aca5-9b8514fd0dda}</UniqueIdentifier>
    </Filter>
    <Filter Include="Source-Files">
      <UniqueIdentifier>{5bb9d02a-9bbf-4dd7-a45c-ad4879504b84}</UniqueIdentifier>
    </Filter>
    <Filter Include="Header-Files\Component">
      <UniqueIdentifier>{f40f58c1-e66c-44d5-89e9-002f06ba7730}</UniqueIdentifier>
    </Filter>
  </ItemGroup>
  <ItemGroup>
    <ClCompile Include="..\..\..\Source\CLuce\Assertion-Common.c">
      <Filter>Source-Files</Filter>
    </ClCompile>
    <ClCompile Include="..\..\..\Source\CLuce\Component\Point2.c">
      <Filter>Source-Files</Filter>
    </ClCompile>
    <ClCompile Include="..\..\..\Source\CLuce\Component\Point2_.cc">
      <Filter>Source-Files</Filter>
    </ClCompile>
  </ItemGroup>
  <ItemGroup>
    <ClInclude Include="..\..\..\Include\CLuce\Component.h" />
    <ClInclude Include="..\..\..\Include\CLuce\Component\Point2.h">
      <Filter>Header-Files\Component</Filter>
    </ClInclude>
  </ItemGroup>
</Project>