<?xml version="1.0" encoding="utf-8"?>
<Project ToolsVersion="4.0" xmlns="http://schemas.microsoft.com/developer/msbuild/2003">
  <ItemGroup>
    <Filter Include="Header-Files">
      <UniqueIdentifier>{b32043f1-0d8b-4c06-9497-29ed9f8e09c3}</UniqueIdentifier>
    </Filter>
    <Filter Include="Source-Files">
      <UniqueIdentifier>{5e42b981-a48f-40d2-86c5-68d40e1f8228}</UniqueIdentifier>
    </Filter>
    <Filter Include="Header-Files\Detail">
      <UniqueIdentifier>{39b011e6-c944-4533-b4b2-fa2f6725deda}</UniqueIdentifier>
    </Filter>
  </ItemGroup>
  <ItemGroup>
    <ClCompile Include="..\..\..\Source\Assertion-Common.cc">
      <Filter>Source-Files</Filter>
    </ClCompile>
    <ClCompile Include="..\..\..\Source\Assertion-Windows.cc">
      <Filter>Source-Files</Filter>
    </ClCompile>
  </ItemGroup>
  <ItemGroup>
    <ClInclude Include="..\..\..\Include\Luce\Functional.hh" />
    <ClInclude Include="..\..\..\Include\Luce\Functional\Function.hh">
      <Filter>Header-Files</Filter>
    </ClInclude>
    <ClInclude Include="..\..\..\Include\Luce\Functional\Detail\Function.hh">
      <Filter>Header-Files\Detail</Filter>
    </ClInclude>
  </ItemGroup>
</Project>