<?xml version="1.0" encoding="utf-8"?>
<Project ToolsVersion="4.0" xmlns="http://schemas.microsoft.com/developer/msbuild/2003">
  <ItemGroup>
    <Filter Include="Header-Files">
      <UniqueIdentifier>{ea30ccb6-3bef-4cde-83a1-ca2f6680be8f}</UniqueIdentifier>
    </Filter>
    <Filter Include="Source-Files">
      <UniqueIdentifier>{5b01059d-3396-4a20-9f0a-3a4e0d31e348}</UniqueIdentifier>
    </Filter>
    <Filter Include="Header-Files\Text">
      <UniqueIdentifier>{2c2d8eb3-c8fc-4f98-a2d5-7f1ac59b2408}</UniqueIdentifier>
    </Filter>
  </ItemGroup>
  <ItemGroup>
    <ClInclude Include="..\..\Include\Luce\Text.hh" />
    <ClInclude Include="..\..\Include\Luce\String.hh">
      <Filter>Header-Files</Filter>
    </ClInclude>
    <ClInclude Include="..\..\Include\Luce\Text\String.hh">
      <Filter>Header-Files\Text</Filter>
    </ClInclude>
    <ClInclude Include="..\..\Include\Luce\Text\Encoding.hh">
      <Filter>Header-Files\Text</Filter>
    </ClInclude>
  </ItemGroup>
  <ItemGroup>
    <ClCompile Include="..\..\Source\Assertion-Common.cc">
      <Filter>Source-Files</Filter>
    </ClCompile>
    <ClCompile Include="..\..\Source\Assertion-Windows.cc">
      <Filter>Source-Files</Filter>
    </ClCompile>
    <ClCompile Include="..\..\Source\Text\Encoding.cc">
      <Filter>Source-Files</Filter>
    </ClCompile>
  </ItemGroup>
</Project>