<?xml version="1.0" encoding="utf-8"?>
<Project ToolsVersion="4.0" xmlns="http://schemas.microsoft.com/developer/msbuild/2003">
  <ItemGroup>
    <Filter Include="Header-Files">
      <UniqueIdentifier>{57be495e-f01d-493b-a572-8cb442032d22}</UniqueIdentifier>
    </Filter>
    <Filter Include="Source-Files">
      <UniqueIdentifier>{1d553f61-5b6b-4060-946e-0f94e568d427}</UniqueIdentifier>
    </Filter>
  </ItemGroup>
  <ItemGroup>
    <ClInclude Include="..\..\Include\Luce\System.hh" />
    <ClInclude Include="..\..\Include\Luce\System\UnitType.hh">
      <Filter>Header-Files</Filter>
    </ClInclude>
    <ClInclude Include="..\..\Include\Luce\Internal\System\UnitType_.hh">
      <Filter>Header-Files</Filter>
    </ClInclude>
    <ClInclude Include="..\..\Include\Luce\System\Unit.hh">
      <Filter>Header-Files</Filter>
    </ClInclude>
    <ClInclude Include="..\..\Include\Luce\System\Cpu.hh">
      <Filter>Header-Files</Filter>
    </ClInclude>
    <ClInclude Include="..\..\Include\Luce\Internal\System\Cpu_.hh">
      <Filter>Header-Files</Filter>
    </ClInclude>
  </ItemGroup>
  <ItemGroup>
    <ClCompile Include="..\..\Source\Assertion-Common.cc">
      <Filter>Source-Files</Filter>
    </ClCompile>
    <ClCompile Include="..\..\Source\System\UnitType.cc">
      <Filter>Source-Files</Filter>
    </ClCompile>
    <ClCompile Include="..\..\Source\System\Unit.cc">
      <Filter>Source-Files</Filter>
    </ClCompile>
    <ClCompile Include="..\..\Source\System\Cpu.cc">
      <Filter>Source-Files</Filter>
    </ClCompile>
    <ClCompile Include="..\..\Source\System\Cpu_Windows_.cc">
      <Filter>Source-Files</Filter>
    </ClCompile>
  </ItemGroup>
</Project>