<?xml version="1.0" encoding="utf-8"?>
<Project ToolsVersion="4.0" xmlns="http://schemas.microsoft.com/developer/msbuild/2003">
  <ItemGroup>
    <Filter Include="Header-Files">
      <UniqueIdentifier>{d3aaa51e-8475-48ed-b46b-7fea51c0646a}</UniqueIdentifier>
    </Filter>
    <Filter Include="Source-Files">
      <UniqueIdentifier>{1cfddeb7-1ddd-4ac2-871a-a7a68e759164}</UniqueIdentifier>
    </Filter>
    <Filter Include="Header-Files\Crypto">
      <UniqueIdentifier>{a808b780-d514-451e-825f-950e4e030d63}</UniqueIdentifier>
    </Filter>
    <Filter Include="Header-Files\Crypto\Detail">
      <UniqueIdentifier>{be62cec4-aff9-410b-8bf5-22714cbbc4ab}</UniqueIdentifier>
    </Filter>
  </ItemGroup>
  <ItemGroup>
    <ClCompile Include="..\..\..\Source\Assertion-Common.cc">
      <Filter>Source-Files</Filter>
    </ClCompile>
    <ClCompile Include="..\..\..\Source\Assertion-Windows.cc">
      <Filter>Source-Files</Filter>
    </ClCompile>
    <ClCompile Include="..\..\..\Source\Crypto\RSAKey.cc">
      <Filter>Source-Files</Filter>
    </ClCompile>
    <ClCompile Include="..\..\..\Source\Crypto\RSA.cc">
      <Filter>Source-Files</Filter>
    </ClCompile>
  </ItemGroup>
  <ItemGroup>
    <ClInclude Include="..\..\..\Include\Luce\Crypto.hh" />
    <ClInclude Include="..\..\..\Include\Luce\Crypto\Detail\ICrypto.hh">
      <Filter>Header-Files\Crypto\Detail</Filter>
    </ClInclude>
    <ClInclude Include="..\..\..\Include\Luce\Crypto\ICrypto.hh">
      <Filter>Header-Files\Crypto</Filter>
    </ClInclude>
    <ClInclude Include="..\..\..\Include\Luce\Crypto\RSA.hh">
      <Filter>Header-Files\Crypto</Filter>
    </ClInclude>
    <ClInclude Include="..\..\..\Include\Luce\Crypto\RSAKey.hh">
      <Filter>Header-Files\Crypto</Filter>
    </ClInclude>
    <ClInclude Include="..\..\..\Include\Luce\RSA.hh">
      <Filter>Header-Files</Filter>
    </ClInclude>
  </ItemGroup>
</Project>