<?xml version="1.0" encoding="utf-8"?>
<Project ToolsVersion="4.0" xmlns="http://schemas.microsoft.com/developer/msbuild/2003">
  <ItemGroup>
    <Filter Include="Header-Files">
      <UniqueIdentifier>{59fc9250-b9c3-43a4-ba1e-273ef3bba027}</UniqueIdentifier>
    </Filter>
    <Filter Include="Source-Files">
      <UniqueIdentifier>{0d31e62f-dcda-41dd-beb9-f3a344f8bbd6}</UniqueIdentifier>
    </Filter>
    <Filter Include="Header-Files\Algorithm">
      <UniqueIdentifier>{47f5a753-5b06-4049-962b-55498e9cc582}</UniqueIdentifier>
    </Filter>
    <Filter Include="Header-Files\Algorithm\Detail">
      <UniqueIdentifier>{80121289-dbd5-474e-878a-ef7844888644}</UniqueIdentifier>
    </Filter>
  </ItemGroup>
  <ItemGroup>
    <ClCompile Include="..\..\..\Source\Assertion-Common.cc">
      <Filter>Source-Files</Filter>
    </ClCompile>
    <ClCompile Include="..\..\..\Source\Assertion-Windows.cc">
      <Filter>Source-Files</Filter>
    </ClCompile>
  </ItemGroup>
  <ItemGroup>
    <ClInclude Include="..\..\..\Include\Luce\Algorithm.hh" />
    <ClInclude Include="..\..\..\Include\Luce\Sort.hh">
      <Filter>Header-Files</Filter>
    </ClInclude>
    <ClInclude Include="..\..\..\Include\Luce\Algorithm\Sort.hh">
      <Filter>Header-Files\Algorithm</Filter>
    </ClInclude>
    <ClInclude Include="..\..\..\Include\Luce\Algorithm\SelectionSort.hh">
      <Filter>Header-Files\Algorithm</Filter>
    </ClInclude>
    <ClInclude Include="..\..\..\Include\Luce\Algorithm\Detail\SelectionSort.hh">
      <Filter>Header-Files\Algorithm\Detail</Filter>
    </ClInclude>
    <ClInclude Include="..\..\..\Include\Luce\Algorithm\Detail\InsertionSort.hh">
      <Filter>Header-Files\Algorithm\Detail</Filter>
    </ClInclude>
    <ClInclude Include="..\..\..\Include\Luce\Algorithm\InsertionSort.hh">
      <Filter>Header-Files\Algorithm</Filter>
    </ClInclude>
    <ClInclude Include="..\..\..\Include\Luce\Algorithm\Detail\MergeSort.hh">
      <Filter>Header-Files\Algorithm\Detail</Filter>
    </ClInclude>
    <ClInclude Include="..\..\..\Include\Luce\Algorithm\MergeSort.hh">
      <Filter>Header-Files\Algorithm</Filter>
    </ClInclude>
    <ClInclude Include="..\..\..\Include\Luce\InsertionSort.hh">
      <Filter>Header-Files</Filter>
    </ClInclude>
    <ClInclude Include="..\..\..\Include\Luce\MergeSort.hh">
      <Filter>Header-Files</Filter>
    </ClInclude>
    <ClInclude Include="..\..\..\Include\Luce\SelectionSort.hh">
      <Filter>Header-Files</Filter>
    </ClInclude>
    <ClInclude Include="..\..\..\Include\Luce\QuickSort.hh">
      <Filter>Header-Files</Filter>
    </ClInclude>
    <ClInclude Include="..\..\..\Include\Luce\Algorithm\QuickSort.hh">
      <Filter>Header-Files\Algorithm</Filter>
    </ClInclude>
    <ClInclude Include="..\..\..\Include\Luce\Algorithm\Detail\QuickSort.hh">
      <Filter>Header-Files\Algorithm\Detail</Filter>
    </ClInclude>
    <ClInclude Include="..\..\..\Include\Luce\Algorithm\Detail\BubbleSort.hh">
      <Filter>Header-Files\Algorithm\Detail</Filter>
    </ClInclude>
    <ClInclude Include="..\..\..\Include\Luce\Algorithm\BubbleSort.hh">
      <Filter>Header-Files\Algorithm</Filter>
    </ClInclude>
    <ClInclude Include="..\..\..\Include\Luce\BubbleSort.hh">
      <Filter>Header-Files</Filter>
    </ClInclude>
  </ItemGroup>
</Project>