<?xml version="1.0" encoding="utf-8"?>
<Project ToolsVersion="4.0" xmlns="http://schemas.microsoft.com/developer/msbuild/2003">
  <ItemGroup>
    <Filter Include="Header-Files">
      <UniqueIdentifier>{a5c1d701-2768-4b75-bc44-ba4f67a577fe}</UniqueIdentifier>
    </Filter>
    <Filter Include="Source-Files">
      <UniqueIdentifier>{652be90c-4dc7-4cbf-b603-56d14e3e0553}</UniqueIdentifier>
    </Filter>
    <Filter Include="Header-Files\Configuration">
      <UniqueIdentifier>{fa6d3728-f3a3-4785-ae97-67a9f67dfbfd}</UniqueIdentifier>
    </Filter>
    <Filter Include="Header-Files\Detail">
      <UniqueIdentifier>{2da92bf5-5755-4d62-b397-1fe9bda1115b}</UniqueIdentifier>
    </Filter>
  </ItemGroup>
  <ItemGroup>
    <ClCompile Include="..\..\..\Source\Assertion-Common.cc">
      <Filter>Source-Files</Filter>
    </ClCompile>
    <ClCompile Include="..\..\..\Source\Assertion-Windows.cc">
      <Filter>Source-Files</Filter>
    </ClCompile>
  </ItemGroup>
  <ItemGroup>
    <ClInclude Include="..\..\..\Include\Luce\Preprocessor.hh" />
    <ClInclude Include="..\..\..\Include\Luce\Preprocessor\Repeat.hh">
      <Filter>Header-Files</Filter>
    </ClInclude>
    <ClInclude Include="..\..\..\Include\Luce\Preprocessor\Configuration\IntegerSize.hh">
      <Filter>Header-Files\Configuration</Filter>
    </ClInclude>
    <ClInclude Include="..\..\..\Include\Luce\Preprocessor\Configuration\IntegerSize-Value.hh">
      <Filter>Header-Files\Configuration</Filter>
    </ClInclude>
    <ClInclude Include="..\..\..\Include\Luce\Preprocessor\Configuration.hh">
      <Filter>Header-Files</Filter>
    </ClInclude>
    <ClInclude Include="..\..\..\Include\Luce\Preprocessor\Detail\Repeat2B.hh">
      <Filter>Header-Files\Detail</Filter>
    </ClInclude>
    <ClInclude Include="..\..\..\Include\Luce\Preprocessor\If.hh">
      <Filter>Header-Files</Filter>
    </ClInclude>
    <ClInclude Include="..\..\..\Include\Luce\Preprocessor\Bool.hh">
      <Filter>Header-Files</Filter>
    </ClInclude>
    <ClInclude Include="..\..\..\Include\Luce\Preprocessor\Detail\Bool2B.hh">
      <Filter>Header-Files\Detail</Filter>
    </ClInclude>
  </ItemGroup>
</Project>